
Microsoft Visual Studio Solution File, Format Version 12.00
# Visual Studio 15
VisualStudioVersion = 15.0.28307.539
MinimumVisualStudioVersion = 10.0.40219.1
Project("{FAE04EC0-301F-11D3-BF4B-00C04F79EFBC}") = "haslgame", "haslgame\haslgame.csproj", "{1C56F685-92C1-4F74-8CFD-A961F2AD8AD1}"
EndProject
Global
	GlobalSection(SolutionConfigurationPlatforms) = preSolution
		Debug|Any CPU = Debug|Any CPU
		Release|Any CPU = Release|Any CPU
	EndGlobalSection
	GlobalSection(ProjectConfigurationPlatforms) = postSolution
		{1C56F685-92C1-4F74-8CFD-A961F2AD8AD1}.Debug|Any CPU.ActiveCfg = Debug|Any CPU
		{1C56F685-92C1-4F74-8CFD-A961F2AD8AD1}.Debug|Any CPU.Build.0 = Debug|Any CPU
		{1C56F685-92C1-4F74-8CFD-A961F2AD8AD1}.Release|Any CPU.ActiveCfg = Release|Any CPU
		{1C56F685-92C1-4F74-8CFD-A961F2AD8AD1}.Release|Any CPU.Build.0 = Release|Any CPU
	EndGlobalSection
	GlobalSection(SolutionProperties) = preSolution
		HideSolutionNode = FALSE
	EndGlobalSection
	GlobalSection(ExtensibilityGlobals) = postSolution
		SolutionGuid = {01F65A9A-56B2-4C8A-84D1-9EB09F9E8725}
	EndGlobalSection
EndGlobal
